
Microsoft Visual Studio Solution File, Format Version 12.00
# Visual Studio Version 16
VisualStudioVersion = 16.0.31112.23
MinimumVisualStudioVersion = 10.0.40219.1
Project("{9A19103F-16F7-4668-BE54-9A1E7A4F7556}") = "RMBer", "RMBer\RMBer.csproj", "{98728495-6450-4D27-8F5B-1F0095E726B8}"
EndProject
Project("{FAE04EC0-301F-11D3-BF4B-00C04F79EFBC}") = "RMBerTests", "RMBerTests\RMBerTests.csproj", "{9EBC9414-E5A3-43C1-9D7A-E0213D92AEE9}"
EndProject
Global
	GlobalSection(SolutionConfigurationPlatforms) = preSolution
		Debug|Any CPU = Debug|Any CPU
		Release|Any CPU = Release|Any CPU
	EndGlobalSection
	GlobalSection(ProjectConfigurationPlatforms) = postSolution
		{98728495-6450-4D27-8F5B-1F0095E726B8}.Debug|Any CPU.ActiveCfg = Debug|Any CPU
		{98728495-6450-4D27-8F5B-1F0095E726B8}.Debug|Any CPU.Build.0 = Debug|Any CPU
		{98728495-6450-4D27-8F5B-1F0095E726B8}.Release|Any CPU.ActiveCfg = Release|Any CPU
		{98728495-6450-4D27-8F5B-1F0095E726B8}.Release|Any CPU.Build.0 = Release|Any CPU
		{9EBC9414-E5A3-43C1-9D7A-E0213D92AEE9}.Debug|Any CPU.ActiveCfg = Debug|Any CPU
		{9EBC9414-E5A3-43C1-9D7A-E0213D92AEE9}.Debug|Any CPU.Build.0 = Debug|Any CPU
		{9EBC9414-E5A3-43C1-9D7A-E0213D92AEE9}.Release|Any CPU.ActiveCfg = Release|Any CPU
		{9EBC9414-E5A3-43C1-9D7A-E0213D92AEE9}.Release|Any CPU.Build.0 = Release|Any CPU
	EndGlobalSection
	GlobalSection(SolutionProperties) = preSolution
		HideSolutionNode = FALSE
	EndGlobalSection
	GlobalSection(ExtensibilityGlobals) = postSolution
		SolutionGuid = {DC7DB22A-A6A0-436D-9081-50BD15918993}
	EndGlobalSection
EndGlobal
